# THIS IS AN AUTOGENERATED FILE. DO NOT EDIT THIS FILE DIRECTLY.
# yarn lockfile v1


"@mixmark-io/domino@^2.2.0":
  version "2.2.0"
  resolved "https://registry.yarnpkg.com/@mixmark-io/domino/-/domino-2.2.0.tgz#4e8ec69bf1afeb7a14f0628b7e2c0f35bdb336c3"
  integrity sha512-Y28PR25bHXUg88kCV7nivXrP2Nj2RueZ3/l/jdx6J9f8J4nsEGcgX0Qe6lt7Pa+J79+kPiJU3LguR6O/6zrLOw==

"@mozilla/readability@^0.5.0":
  version "0.5.0"
  resolved "https://registry.yarnpkg.com/@mozilla/readability/-/readability-0.5.0.tgz#a6d5055bbadd0f329cc3e72089d4f176ed96c1d5"
  integrity sha512-Z+CZ3QaosfFaTqvhQsIktyGrjFjSC0Fa4EMph4mqKnWhmyoGICsV/8QK+8HpXut6zV7zwfWwqDmEjtk1Qf6EgQ==

"@supabase/auth-js@2.64.2":
  version "2.64.2"
  resolved "https://registry.yarnpkg.com/@supabase/auth-js/-/auth-js-2.64.2.tgz#fe6828ed2c9844bf2e71b27f88ddfb635f24d1c1"
  integrity sha512-s+lkHEdGiczDrzXJ1YWt2y3bxRi+qIUnXcgkpLSrId7yjBeaXBFygNjTaoZLG02KNcYwbuZ9qkEIqmj2hF7svw==
  dependencies:
    "@supabase/node-fetch" "^2.6.14"

"@supabase/functions-js@2.4.1":
  version "2.4.1"
  resolved "https://registry.yarnpkg.com/@supabase/functions-js/-/functions-js-2.4.1.tgz#373e75f8d3453bacd71fb64f88d7a341d7b53ad7"
  integrity sha512-8sZ2ibwHlf+WkHDUZJUXqqmPvWQ3UHN0W30behOJngVh/qHHekhJLCFbh0AjkE9/FqqXtf9eoVvmYgfCLk5tNA==
  dependencies:
    "@supabase/node-fetch" "^2.6.14"

"@supabase/node-fetch@2.6.15", "@supabase/node-fetch@^2.6.14":
  version "2.6.15"
  resolved "https://registry.yarnpkg.com/@supabase/node-fetch/-/node-fetch-2.6.15.tgz#731271430e276983191930816303c44159e7226c"
  integrity sha512-1ibVeYUacxWYi9i0cf5efil6adJ9WRyZBLivgjs+AUpewx1F3xPi7gLgaASI2SmIQxPoCEjAsLAzKPgMJVgOUQ==
  dependencies:
    whatwg-url "^5.0.0"

"@supabase/postgrest-js@1.15.7":
  version "1.15.7"
  resolved "https://registry.yarnpkg.com/@supabase/postgrest-js/-/postgrest-js-1.15.7.tgz#6c169c413969aa87009e001b313613ae1365fdd6"
  integrity sha512-TJztay5lcnnKuXjIO/X/aaajOsP8qNeW0k3MqIFoOtRolj5MEAIy8rixNakRk3o23eVCdsuP3iMLYPvOOruH6Q==
  dependencies:
    "@supabase/node-fetch" "^2.6.14"

"@supabase/realtime-js@2.10.2":
  version "2.10.2"
  resolved "https://registry.yarnpkg.com/@supabase/realtime-js/-/realtime-js-2.10.2.tgz#c2b42d17d723d2d2a9146cfad61dc3df1ce3127e"
  integrity sha512-qyCQaNg90HmJstsvr2aJNxK2zgoKh9ZZA8oqb7UT2LCh3mj9zpa3Iwu167AuyNxsxrUE8eEJ2yH6wLCij4EApA==
  dependencies:
    "@supabase/node-fetch" "^2.6.14"
    "@types/phoenix" "^1.5.4"
    "@types/ws" "^8.5.10"
    ws "^8.14.2"

"@supabase/storage-js@2.6.0":
  version "2.6.0"
  resolved "https://registry.yarnpkg.com/@supabase/storage-js/-/storage-js-2.6.0.tgz#0fa5e04db760ed7f78e4394844a6d409e537adc5"
  integrity sha512-REAxr7myf+3utMkI2oOmZ6sdplMZZ71/2NEIEMBZHL9Fkmm3/JnaOZVSRqvG4LStYj2v5WhCruCzuMn6oD/Drw==
  dependencies:
    "@supabase/node-fetch" "^2.6.14"

"@supabase/supabase-js@^2.44.2":
  version "2.44.2"
  resolved "https://registry.yarnpkg.com/@supabase/supabase-js/-/supabase-js-2.44.2.tgz#483fc18c1b603eac8231c669ae03edfd9a470486"
  integrity sha512-fouCwL1OxqftOwLNgdDUPlNnFuCnt30nS4kLcnTpe6NYKn1PmjxRRBFmKscgHs6FjWyU+32ZG4uBJ29+/BWiDw==
  dependencies:
    "@supabase/auth-js" "2.64.2"
    "@supabase/functions-js" "2.4.1"
    "@supabase/node-fetch" "2.6.15"
    "@supabase/postgrest-js" "1.15.7"
    "@supabase/realtime-js" "2.10.2"
    "@supabase/storage-js" "2.6.0"

"@types/jsdom@^21.1.7":
  version "21.1.7"
  resolved "https://registry.yarnpkg.com/@types/jsdom/-/jsdom-21.1.7.tgz#9edcb09e0b07ce876e7833922d3274149c898cfa"
  integrity sha512-yOriVnggzrnQ3a9OKOCxaVuSug3w3/SbOj5i7VwXWZEyUNl3bLF9V3MfxGbZKuwqJOQyRfqXyROBB1CoZLFWzA==
  dependencies:
    "@types/node" "*"
    "@types/tough-cookie" "*"
    parse5 "^7.0.0"

"@types/node-fetch@^2.6.4":
  version "2.6.11"
  resolved "https://registry.yarnpkg.com/@types/node-fetch/-/node-fetch-2.6.11.tgz#9b39b78665dae0e82a08f02f4967d62c66f95d24"
  integrity sha512-24xFj9R5+rfQJLRyM56qh+wnVSYhyXC2tkoBndtY0U+vubqNsYXGjufB2nn8Q6gt0LrARwL6UBtMCSVCwl4B1g==
  dependencies:
    "@types/node" "*"
    form-data "^4.0.0"

"@types/node@*":
  version "20.14.9"
  resolved "https://registry.yarnpkg.com/@types/node/-/node-20.14.9.tgz#12e8e765ab27f8c421a1820c99f5f313a933b420"
  integrity sha512-06OCtnTXtWOZBJlRApleWndH4JsRVs1pDCc8dLSQp+7PpUpX3ePdHyeNSFTeSe7FtKyQkrlPvHwJOW3SLd8Oyg==
  dependencies:
    undici-types "~5.26.4"

"@types/node@^18.11.18":
  version "18.19.39"
  resolved "https://registry.yarnpkg.com/@types/node/-/node-18.19.39.tgz#c316340a5b4adca3aee9dcbf05de385978590593"
  integrity sha512-nPwTRDKUctxw3di5b4TfT3I0sWDiWoPQCZjXhvdkINntwr8lcoVCKsTgnXeRubKIlfnV+eN/HYk6Jb40tbcEAQ==
  dependencies:
    undici-types "~5.26.4"

"@types/phoenix@^1.5.4":
  version "1.6.5"
  resolved "https://registry.yarnpkg.com/@types/phoenix/-/phoenix-1.6.5.tgz#5654e14ec7ad25334a157a20015996b6d7d2075e"
  integrity sha512-xegpDuR+z0UqG9fwHqNoy3rI7JDlvaPh2TY47Fl80oq6g+hXT+c/LEuE43X48clZ6lOfANl5WrPur9fYO1RJ/w==

"@types/tough-cookie@*":
  version "4.0.5"
  resolved "https://registry.yarnpkg.com/@types/tough-cookie/-/tough-cookie-4.0.5.tgz#cb6e2a691b70cb177c6e3ae9c1d2e8b2ea8cd304"
  integrity sha512-/Ad8+nIOV7Rl++6f1BdKxFSMgmoqEoYbHRpPcx3JEfv8VRsQe9Z4mCXeJBzxs7mbHY/XOZZuXlRNfhpVPbs6ZA==

"@types/turndown@^5.0.4":
  version "5.0.4"
  resolved "https://registry.yarnpkg.com/@types/turndown/-/turndown-5.0.4.tgz#61fcdda2e539a86b1d40cb3277505f22ca76f014"
  integrity sha512-28GI33lCCkU4SGH1GvjDhFgOVr+Tym4PXGBIU1buJUa6xQolniPArtUT+kv42RR2N9MsMLInkr904Aq+ESHBJg==

"@types/ws@^8.5.10":
  version "8.5.10"
  resolved "https://registry.yarnpkg.com/@types/ws/-/ws-8.5.10.tgz#4acfb517970853fa6574a3a6886791d04a396787"
  integrity sha512-vmQSUcfalpIq0R9q7uTo2lXs6eGIpt9wtnLdMv9LVpIjCA/+ufZRozlVoVelIYixx1ugCBKDhn89vnsEGOCx9A==
  dependencies:
    "@types/node" "*"

abort-controller@^3.0.0:
  version "3.0.0"
  resolved "https://registry.yarnpkg.com/abort-controller/-/abort-controller-3.0.0.tgz#eaf54d53b62bae4138e809ca225c8439a6efb392"
  integrity sha512-h8lQ8tacZYnR3vNQTgibj+tODHI5/+l06Au2Pcriv/Gmet0eaj4TwWH41sO9wnHDiQsEj19q0drzdWdeAHtweg==
  dependencies:
    event-target-shim "^5.0.0"

agent-base@^7.0.2, agent-base@^7.1.0:
  version "7.1.1"
  resolved "https://registry.yarnpkg.com/agent-base/-/agent-base-7.1.1.tgz#bdbded7dfb096b751a2a087eeeb9664725b2e317"
  integrity sha512-H0TSyFNDMomMNJQBn8wFV5YC/2eJ+VXECwOadZJT554xP6cODZHPX3H9QMQECxvrgiSOP1pHjy1sMWQVYJOUOA==
  dependencies:
    debug "^4.3.4"

agentkeepalive@^4.2.1:
  version "4.5.0"
  resolved "https://registry.yarnpkg.com/agentkeepalive/-/agentkeepalive-4.5.0.tgz#2673ad1389b3c418c5a20c5d7364f93ca04be923"
  integrity sha512-5GG/5IbQQpC9FpkRGsSvZI5QYeSCzlJHdpBQntCsuTOxhKD8lqKhrleg2Yi7yvMIf82Ycmmqln9U8V9qwEiJew==
  dependencies:
    humanize-ms "^1.2.1"

asynckit@^0.4.0:
  version "0.4.0"
  resolved "https://registry.yarnpkg.com/asynckit/-/asynckit-0.4.0.tgz#c79ed97f7f34cb8f2ba1bc9790bcc366474b4b79"
  integrity sha512-Oei9OH4tRh0YqU3GxhX79dM/mwVgvbZJaSNaRk+bshkj0S5cfHcgYakreBjrHwatXKbz+IoIdYLxrKim2MjW0Q==

boolbase@^1.0.0:
  version "1.0.0"
  resolved "https://registry.yarnpkg.com/boolbase/-/boolbase-1.0.0.tgz#68dff5fbe60c51eb37725ea9e3ed310dcc1e776e"
  integrity sha512-JZOSA7Mo9sNGB8+UjSgzdLtokWAky1zbztM3WRLCbZ70/3cTANmQmOdR7y2g+J0e2WXywy1yS468tY+IruqEww==

cheerio-select@^2.1.0:
  version "2.1.0"
  resolved "https://registry.yarnpkg.com/cheerio-select/-/cheerio-select-2.1.0.tgz#4d8673286b8126ca2a8e42740d5e3c4884ae21b4"
  integrity sha512-9v9kG0LvzrlcungtnJtpGNxY+fzECQKhK4EGJX2vByejiMX84MFNQw4UxPJl3bFbTMw+Dfs37XaIkCwTZfLh4g==
  dependencies:
    boolbase "^1.0.0"
    css-select "^5.1.0"
    css-what "^6.1.0"
    domelementtype "^2.3.0"
    domhandler "^5.0.3"
    domutils "^3.0.1"

cheerio@^1.0.0-rc.12:
  version "1.0.0-rc.12"
  resolved "https://registry.yarnpkg.com/cheerio/-/cheerio-1.0.0-rc.12.tgz#788bf7466506b1c6bf5fae51d24a2c4d62e47683"
  integrity sha512-VqR8m68vM46BNnuZ5NtnGBKIE/DfN0cRIzg9n40EIq9NOv90ayxLBXA8fXC5gquFRGJSTRqBq25Jt2ECLR431Q==
  dependencies:
    cheerio-select "^2.1.0"
    dom-serializer "^2.0.0"
    domhandler "^5.0.3"
    domutils "^3.0.1"
    htmlparser2 "^8.0.1"
    parse5 "^7.0.0"
    parse5-htmlparser2-tree-adapter "^7.0.0"

combined-stream@^1.0.8:
  version "1.0.8"
  resolved "https://registry.yarnpkg.com/combined-stream/-/combined-stream-1.0.8.tgz#c3d45a8b34fd730631a110a8a2520682b31d5a7f"
  integrity sha512-FQN4MRfuJeHf7cBbBMJFXhKSDq+2kAArBlmRBvcvFE5BB1HZKXtSFASDhdlz9zOYwxh8lDdnvmMOe/+5cdoEdg==
  dependencies:
    delayed-stream "~1.0.0"

css-select@^5.1.0:
  version "5.1.0"
  resolved "https://registry.yarnpkg.com/css-select/-/css-select-5.1.0.tgz#b8ebd6554c3637ccc76688804ad3f6a6fdaea8a6"
  integrity sha512-nwoRF1rvRRnnCqqY7updORDsuqKzqYJ28+oSMaJMMgOauh3fvwHqMS7EZpIPqK8GL+g9mKxF1vP/ZjSeNjEVHg==
  dependencies:
    boolbase "^1.0.0"
    css-what "^6.1.0"
    domhandler "^5.0.2"
    domutils "^3.0.1"
    nth-check "^2.0.1"

css-what@^6.1.0:
  version "6.1.0"
  resolved "https://registry.yarnpkg.com/css-what/-/css-what-6.1.0.tgz#fb5effcf76f1ddea2c81bdfaa4de44e79bac70f4"
  integrity sha512-HTUrgRJ7r4dsZKU6GjmpfRK1O76h97Z8MfS1G0FozR+oF2kG6Vfe8JE6zwrkbxigziPHinCJ+gCPjA9EaBDtRw==

cssstyle@^4.0.1:
  version "4.0.1"
  resolved "https://registry.yarnpkg.com/cssstyle/-/cssstyle-4.0.1.tgz#ef29c598a1e90125c870525490ea4f354db0660a"
  integrity sha512-8ZYiJ3A/3OkDd093CBT/0UKDWry7ak4BdPTFP2+QEP7cmhouyq/Up709ASSj2cK02BbZiMgk7kYjZNS4QP5qrQ==
  dependencies:
    rrweb-cssom "^0.6.0"

data-urls@^5.0.0:
  version "5.0.0"
  resolved "https://registry.yarnpkg.com/data-urls/-/data-urls-5.0.0.tgz#2f76906bce1824429ffecb6920f45a0b30f00dde"
  integrity sha512-ZYP5VBHshaDAiVZxjbRVcFJpc+4xGgT0bK3vzy1HLN8jTO975HEbuYzZJcHoQEY5K1a0z8YayJkyVETa08eNTg==
  dependencies:
    whatwg-mimetype "^4.0.0"
    whatwg-url "^14.0.0"

debug@4, debug@^4.3.4:
  version "4.3.5"
  resolved "https://registry.yarnpkg.com/debug/-/debug-4.3.5.tgz#e83444eceb9fedd4a1da56d671ae2446a01a6e1e"
  integrity sha512-pt0bNEmneDIvdL1Xsd9oDQ/wrQRkXDT4AUWlNZNPKvW5x/jyO9VFXkJUP07vQ2upmw5PlaITaPKc31jK13V+jg==
  dependencies:
    ms "2.1.2"

decimal.js@^10.4.3:
  version "10.4.3"
  resolved "https://registry.yarnpkg.com/decimal.js/-/decimal.js-10.4.3.tgz#1044092884d245d1b7f65725fa4ad4c6f781cc23"
  integrity sha512-VBBaLc1MgL5XpzgIP7ny5Z6Nx3UrRkIViUkPUdtl9aya5amy3De1gsUUSB1g3+3sExYNjCAsAznmukyxCb1GRA==

delayed-stream@~1.0.0:
  version "1.0.0"
  resolved "https://registry.yarnpkg.com/delayed-stream/-/delayed-stream-1.0.0.tgz#df3ae199acadfb7d440aaae0b29e2272b24ec619"
  integrity sha512-ZySD7Nf91aLB0RxL4KGrKHBXl7Eds1DAmEdcoVawXnLD7SDhpNgtuII2aAkg7a7QS41jxPSZ17p4VdGnMHk3MQ==

dom-serializer@^2.0.0:
  version "2.0.0"
  resolved "https://registry.yarnpkg.com/dom-serializer/-/dom-serializer-2.0.0.tgz#e41b802e1eedf9f6cae183ce5e622d789d7d8e53"
  integrity sha512-wIkAryiqt/nV5EQKqQpo3SToSOV9J0DnbJqwK7Wv/Trc92zIAYZ4FlMu+JPFW1DfGFt81ZTCGgDEabffXeLyJg==
  dependencies:
    domelementtype "^2.3.0"
    domhandler "^5.0.2"
    entities "^4.2.0"

domelementtype@^2.3.0:
  version "2.3.0"
  resolved "https://registry.yarnpkg.com/domelementtype/-/domelementtype-2.3.0.tgz#5c45e8e869952626331d7aab326d01daf65d589d"
  integrity sha512-OLETBj6w0OsagBwdXnPdN0cnMfF9opN69co+7ZrbfPGrdpPVNBUj02spi6B1N7wChLQiPn4CSH/zJvXw56gmHw==

domhandler@^5.0.2, domhandler@^5.0.3:
  version "5.0.3"
  resolved "https://registry.yarnpkg.com/domhandler/-/domhandler-5.0.3.tgz#cc385f7f751f1d1fc650c21374804254538c7d31"
  integrity sha512-cgwlv/1iFQiFnU96XXgROh8xTeetsnJiDsTc7TYCLFd9+/WNkIqPTxiM/8pSd8VIrhXGTf1Ny1q1hquVqDJB5w==
  dependencies:
    domelementtype "^2.3.0"

domutils@^3.0.1:
  version "3.1.0"
  resolved "https://registry.yarnpkg.com/domutils/-/domutils-3.1.0.tgz#c47f551278d3dc4b0b1ab8cbb42d751a6f0d824e"
  integrity sha512-H78uMmQtI2AhgDJjWeQmHwJJ2bLPD3GMmO7Zja/ZZh84wkm+4ut+IUnUdRa8uCGX88DiVx1j6FRe1XfxEgjEZA==
  dependencies:
    dom-serializer "^2.0.0"
    domelementtype "^2.3.0"
    domhandler "^5.0.3"

dotenv@^16.4.5:
  version "16.4.5"
  resolved "https://registry.yarnpkg.com/dotenv/-/dotenv-16.4.5.tgz#cdd3b3b604cb327e286b4762e13502f717cb099f"
  integrity sha512-ZmdL2rui+eB2YwhsWzjInR8LldtZHGDoQ1ugH85ppHKwpUHL7j7rN0Ti9NCnGiQbhaZ11FpR+7ao1dNsmduNUg==

entities@^4.2.0, entities@^4.4.0:
  version "4.5.0"
  resolved "https://registry.yarnpkg.com/entities/-/entities-4.5.0.tgz#5d268ea5e7113ec74c4d033b79ea5a35a488fb48"
  integrity sha512-V0hjH4dGPh9Ao5p0MoRY6BVqtwCjhz6vI5LT8AJ55H+4g9/4vbHx1I54fS0XuclLhDHArPQCiMjDxjaL8fPxhw==

event-target-shim@^5.0.0:
  version "5.0.1"
  resolved "https://registry.yarnpkg.com/event-target-shim/-/event-target-shim-5.0.1.tgz#5d4d3ebdf9583d63a5333ce2deb7480ab2b05789"
  integrity sha512-i/2XbnSz/uxRCU6+NdVJgKWDTM427+MqYbkQzD321DuCQJUqOuJKIA0IM2+W2xtYHdKOmZ4dR6fExsd4SXL+WQ==

form-data-encoder@1.7.2:
  version "1.7.2"
  resolved "https://registry.yarnpkg.com/form-data-encoder/-/form-data-encoder-1.7.2.tgz#1f1ae3dccf58ed4690b86d87e4f57c654fbab040"
  integrity sha512-qfqtYan3rxrnCk1VYaA4H+Ms9xdpPqvLZa6xmMgFvhO32x7/3J/ExcTd6qpxM0vH2GdMI+poehyBZvqfMTto8A==

form-data@^4.0.0:
  version "4.0.0"
  resolved "https://registry.yarnpkg.com/form-data/-/form-data-4.0.0.tgz#93919daeaf361ee529584b9b31664dc12c9fa452"
  integrity sha512-ETEklSGi5t0QMZuiXoA/Q6vcnxcLQP5vdugSpuAyi6SVGi2clPPp+xgEhuMaHC+zGgn31Kd235W35f7Hykkaww==
  dependencies:
    asynckit "^0.4.0"
    combined-stream "^1.0.8"
    mime-types "^2.1.12"

formdata-node@^4.3.2:
  version "4.4.1"
  resolved "https://registry.yarnpkg.com/formdata-node/-/formdata-node-4.4.1.tgz#23f6a5cb9cb55315912cbec4ff7b0f59bbd191e2"
  integrity sha512-0iirZp3uVDjVGt9p49aTaqjk84TrglENEDuqfdlZQ1roC9CWlPk6Avf8EEnZNcAqPonwkG35x4n3ww/1THYAeQ==
  dependencies:
    node-domexception "1.0.0"
    web-streams-polyfill "4.0.0-beta.3"

html-encoding-sniffer@^4.0.0:
  version "4.0.0"
  resolved "https://registry.yarnpkg.com/html-encoding-sniffer/-/html-encoding-sniffer-4.0.0.tgz#696df529a7cfd82446369dc5193e590a3735b448"
  integrity sha512-Y22oTqIU4uuPgEemfz7NDJz6OeKf12Lsu+QC+s3BVpda64lTiMYCyGwg5ki4vFxkMwQdeZDl2adZoqUgdFuTgQ==
  dependencies:
    whatwg-encoding "^3.1.1"

htmlparser2@^8.0.1:
  version "8.0.2"
  resolved "https://registry.yarnpkg.com/htmlparser2/-/htmlparser2-8.0.2.tgz#f002151705b383e62433b5cf466f5b716edaec21"
  integrity sha512-GYdjWKDkbRLkZ5geuHs5NY1puJ+PXwP7+fHPRz06Eirsb9ugf6d8kkXav6ADhcODhFFPMIXyxkxSuMf3D6NCFA==
  dependencies:
    domelementtype "^2.3.0"
    domhandler "^5.0.3"
    domutils "^3.0.1"
    entities "^4.4.0"

http-proxy-agent@^7.0.2:
  version "7.0.2"
  resolved "https://registry.yarnpkg.com/http-proxy-agent/-/http-proxy-agent-7.0.2.tgz#9a8b1f246866c028509486585f62b8f2c18c270e"
  integrity sha512-T1gkAiYYDWYx3V5Bmyu7HcfcvL7mUrTWiM6yOfa3PIphViJ/gFPbvidQ+veqSOHci/PxBcDabeUNCzpOODJZig==
  dependencies:
    agent-base "^7.1.0"
    debug "^4.3.4"

https-proxy-agent@^7.0.4:
  version "7.0.5"
  resolved "https://registry.yarnpkg.com/https-proxy-agent/-/https-proxy-agent-7.0.5.tgz#9e8b5013873299e11fab6fd548405da2d6c602b2"
  integrity sha512-1e4Wqeblerz+tMKPIq2EMGiiWW1dIjZOksyHWSUm1rmuvw/how9hBHZ38lAGj5ID4Ik6EdkOw7NmWPy6LAwalw==
  dependencies:
    agent-base "^7.0.2"
    debug "4"

humanize-ms@^1.2.1:
  version "1.2.1"
  resolved "https://registry.yarnpkg.com/humanize-ms/-/humanize-ms-1.2.1.tgz#c46e3159a293f6b896da29316d8b6fe8bb79bbed"
  integrity sha512-Fl70vYtsAFb/C06PTS9dZBo7ihau+Tu/DNCk/OyHhea07S+aeMWpFFkUaXRa8fI+ScZbEI8dfSxwY7gxZ9SAVQ==
  dependencies:
    ms "^2.0.0"

iconv-lite@0.6.3:
  version "0.6.3"
  resolved "https://registry.yarnpkg.com/iconv-lite/-/iconv-lite-0.6.3.tgz#a52f80bf38da1952eb5c681790719871a1a72501"
  integrity sha512-4fCk79wshMdzMp2rH06qWrJE4iolqLhCUH+OiuIgU++RB0+94NlDL81atO7GX55uUKueo0txHNtvEyI6D7WdMw==
  dependencies:
    safer-buffer ">= 2.1.2 < 3.0.0"

is-potential-custom-element-name@^1.0.1:
  version "1.0.1"
  resolved "https://registry.yarnpkg.com/is-potential-custom-element-name/-/is-potential-custom-element-name-1.0.1.tgz#171ed6f19e3ac554394edf78caa05784a45bebb5"
  integrity sha512-bCYeRA2rVibKZd+s2625gGnGF/t7DSqDs4dP7CrLA1m7jKWz6pps0LpYLJN8Q64HtmPKJ1hrN3nzPNKFEKOUiQ==

jsdom@^24.1.0:
  version "24.1.0"
  resolved "https://registry.yarnpkg.com/jsdom/-/jsdom-24.1.0.tgz#0cffdabd42c506788bfecd160e8ac22d4387f971"
  integrity sha512-6gpM7pRXCwIOKxX47cgOyvyQDN/Eh0f1MeKySBV2xGdKtqJBLj8P25eY3EVCWo2mglDDzozR2r2MW4T+JiNUZA==
  dependencies:
    cssstyle "^4.0.1"
    data-urls "^5.0.0"
    decimal.js "^10.4.3"
    form-data "^4.0.0"
    html-encoding-sniffer "^4.0.0"
    http-proxy-agent "^7.0.2"
    https-proxy-agent "^7.0.4"
    is-potential-custom-element-name "^1.0.1"
    nwsapi "^2.2.10"
    parse5 "^7.1.2"
    rrweb-cssom "^0.7.0"
    saxes "^6.0.0"
    symbol-tree "^3.2.4"
    tough-cookie "^4.1.4"
    w3c-xmlserializer "^5.0.0"
    webidl-conversions "^7.0.0"
    whatwg-encoding "^3.1.1"
    whatwg-mimetype "^4.0.0"
    whatwg-url "^14.0.0"
    ws "^8.17.0"
    xml-name-validator "^5.0.0"

mime-db@1.52.0:
  version "1.52.0"
  resolved "https://registry.yarnpkg.com/mime-db/-/mime-db-1.52.0.tgz#bbabcdc02859f4987301c856e3387ce5ec43bf70"
  integrity sha512-sPU4uV7dYlvtWJxwwxHD0PuihVNiE7TyAbQ5SWxDCB9mUYvOgroQOwYQQOKPJ8CIbE+1ETVlOoK1UC2nU3gYvg==

mime-types@^2.1.12:
  version "2.1.35"
  resolved "https://registry.yarnpkg.com/mime-types/-/mime-types-2.1.35.tgz#381a871b62a734450660ae3deee44813f70d959a"
  integrity sha512-ZDY+bPm5zTTF+YpCrAU9nK0UgICYPT0QtT1NZWFv4s++TNkcgVaT0g6+4R2uI4MjQjzysHB1zxuWL50hzaeXiw==
  dependencies:
    mime-db "1.52.0"

ms@2.1.2:
  version "2.1.2"
  resolved "https://registry.yarnpkg.com/ms/-/ms-2.1.2.tgz#d09d1f357b443f493382a8eb3ccd183872ae6009"
  integrity sha512-sGkPx+VjMtmA6MX27oA4FBFELFCZZ4S4XqeGOXCv68tT+jb3vk/RyaKWP0PTKyWtmLSM0b+adUTEvbs1PEaH2w==

ms@^2.0.0:
  version "2.1.3"
  resolved "https://registry.yarnpkg.com/ms/-/ms-2.1.3.tgz#574c8138ce1d2b5861f0b44579dbadd60c6615b2"
  integrity sha512-6FlzubTLZG3J2a/NVCAleEhjzq5oxgHyaCU9yYXvcLsvoVaHJq/s5xXI6/XXP6tz7R9xAOtHnSO/tXtF3WRTlA==

node-domexception@1.0.0:
  version "1.0.0"
  resolved "https://registry.yarnpkg.com/node-domexception/-/node-domexception-1.0.0.tgz#6888db46a1f71c0b76b3f7555016b63fe64766e5"
  integrity sha512-/jKZoMpw0F8GRwl4/eLROPA3cfcXtLApP0QzLmUT/HuPCZWyB7IY9ZrMeKw2O/nFIqPQB3PVM9aYm0F312AXDQ==

node-fetch@^2.6.7:
  version "2.7.0"
  resolved "https://registry.yarnpkg.com/node-fetch/-/node-fetch-2.7.0.tgz#d0f0fa6e3e2dc1d27efcd8ad99d550bda94d187d"
  integrity sha512-c4FRfUm/dbcWZ7U+1Wq0AwCyFL+3nt2bEw05wfxSz+DWpWsitgmSgYmy2dQdWyKC1694ELPqMs/YzUSNozLt8A==
  dependencies:
    whatwg-url "^5.0.0"

nth-check@^2.0.1:
  version "2.1.1"
  resolved "https://registry.yarnpkg.com/nth-check/-/nth-check-2.1.1.tgz#c9eab428effce36cd6b92c924bdb000ef1f1ed1d"
  integrity sha512-lqjrjmaOoAnWfMmBPL+XNnynZh2+swxiX3WUE0s4yEHI6m+AwrK2UZOimIRl3X/4QctVqS8AiZjFqyOGrMXb/w==
  dependencies:
    boolbase "^1.0.0"

nwsapi@^2.2.10:
  version "2.2.10"
  resolved "https://registry.yarnpkg.com/nwsapi/-/nwsapi-2.2.10.tgz#0b77a68e21a0b483db70b11fad055906e867cda8"
  integrity sha512-QK0sRs7MKv0tKe1+5uZIQk/C8XGza4DAnztJG8iD+TpJIORARrCxczA738awHrZoHeTjSSoHqao2teO0dC/gFQ==

openai@^4.52.1:
  version "4.52.1"
  resolved "https://registry.yarnpkg.com/openai/-/openai-4.52.1.tgz#44acc362a844fa2927b0cfa1fb70fb51e388af65"
  integrity sha512-kv2hevAWZZ3I/vd2t8znGO2rd8wkowncsfcYpo8i+wU9ML+JEcdqiViANXXjWWGjIhajFNixE6gOY1fEgqILAg==
  dependencies:
    "@types/node" "^18.11.18"
    "@types/node-fetch" "^2.6.4"
    abort-controller "^3.0.0"
    agentkeepalive "^4.2.1"
    form-data-encoder "1.7.2"
    formdata-node "^4.3.2"
    node-fetch "^2.6.7"
    web-streams-polyfill "^3.2.1"

parse5-htmlparser2-tree-adapter@^7.0.0:
  version "7.0.0"
  resolved "https://registry.yarnpkg.com/parse5-htmlparser2-tree-adapter/-/parse5-htmlparser2-tree-adapter-7.0.0.tgz#23c2cc233bcf09bb7beba8b8a69d46b08c62c2f1"
  integrity sha512-B77tOZrqqfUfnVcOrUvfdLbz4pu4RopLD/4vmu3HUPswwTA8OH0EMW9BlWR2B0RCoiZRAHEUu7IxeP1Pd1UU+g==
  dependencies:
    domhandler "^5.0.2"
    parse5 "^7.0.0"

parse5@^7.0.0, parse5@^7.1.2:
  version "7.1.2"
  resolved "https://registry.yarnpkg.com/parse5/-/parse5-7.1.2.tgz#0736bebbfd77793823240a23b7fc5e010b7f8e32"
  integrity sha512-Czj1WaSVpaoj0wbhMzLmWD69anp2WH7FXMB9n1Sy8/ZFF9jolSQVMu1Ij5WIyGmcBmhk7EOndpO4mIpihVqAXw==
  dependencies:
    entities "^4.4.0"

prettier@^3.3.2:
  version "3.3.2"
  resolved "https://registry.yarnpkg.com/prettier/-/prettier-3.3.2.tgz#03ff86dc7c835f2d2559ee76876a3914cec4a90a"
  integrity sha512-rAVeHYMcv8ATV5d508CFdn+8/pHPpXeIid1DdrPwXnaAdH7cqjVbpJaT5eq4yRAFU/lsbwYwSF/n5iNrdJHPQA==

psl@^1.1.33:
  version "1.9.0"
  resolved "https://registry.yarnpkg.com/psl/-/psl-1.9.0.tgz#d0df2a137f00794565fcaf3b2c00cd09f8d5a5a7"
  integrity sha512-E/ZsdU4HLs/68gYzgGTkMicWTLPdAftJLfJFlLUAAKZGkStNU72sZjT66SnMDVOfOWY/YAoiD7Jxa9iHvngcag==

punycode@^2.1.1, punycode@^2.3.1:
  version "2.3.1"
  resolved "https://registry.yarnpkg.com/punycode/-/punycode-2.3.1.tgz#027422e2faec0b25e1549c3e1bd8309b9133b6e5"
  integrity sha512-vYt7UD1U9Wg6138shLtLOvdAu+8DsC/ilFtEVHcH+wydcSpNE20AfSOduf6MkRFahL5FY7X1oU7nKVZFtfq8Fg==

querystringify@^2.1.1:
  version "2.2.0"
  resolved "https://registry.yarnpkg.com/querystringify/-/querystringify-2.2.0.tgz#3345941b4153cb9d082d8eee4cda2016a9aef7f6"
  integrity sha512-FIqgj2EUvTa7R50u0rGsyTftzjYmv/a3hO345bZNrqabNqjtgiDMgmo4mkUjd+nzU5oF3dClKqFIPUKybUyqoQ==

requires-port@^1.0.0:
  version "1.0.0"
  resolved "https://registry.yarnpkg.com/requires-port/-/requires-port-1.0.0.tgz#925d2601d39ac485e091cf0da5c6e694dc3dcaff"
  integrity sha512-KigOCHcocU3XODJxsu8i/j8T9tzT4adHiecwORRQ0ZZFcp7ahwXuRU1m+yuO90C5ZUyGeGfocHDI14M3L3yDAQ==

rrweb-cssom@^0.6.0:
  version "0.6.0"
  resolved "https://registry.yarnpkg.com/rrweb-cssom/-/rrweb-cssom-0.6.0.tgz#ed298055b97cbddcdeb278f904857629dec5e0e1"
  integrity sha512-APM0Gt1KoXBz0iIkkdB/kfvGOwC4UuJFeG/c+yV7wSc7q96cG/kJ0HiYCnzivD9SB53cLV1MlHFNfOuPaadYSw==

rrweb-cssom@^0.7.0:
  version "0.7.1"
  resolved "https://registry.yarnpkg.com/rrweb-cssom/-/rrweb-cssom-0.7.1.tgz#c73451a484b86dd7cfb1e0b2898df4b703183e4b"
  integrity sha512-TrEMa7JGdVm0UThDJSx7ddw5nVm3UJS9o9CCIZ72B1vSyEZoziDqBYP3XIoi/12lKrJR8rE3jeFHMok2F/Mnsg==

"safer-buffer@>= 2.1.2 < 3.0.0":
  version "2.1.2"
  resolved "https://registry.yarnpkg.com/safer-buffer/-/safer-buffer-2.1.2.tgz#44fa161b0187b9549dd84bb91802f9bd8385cd6a"
  integrity sha512-YZo3K82SD7Riyi0E1EQPojLz7kpepnSQI9IyPbHHg1XXXevb5dJI7tpyN2ADxGcQbHG7vcyRHk0cbwqcQriUtg==

saxes@^6.0.0:
  version "6.0.0"
  resolved "https://registry.yarnpkg.com/saxes/-/saxes-6.0.0.tgz#fe5b4a4768df4f14a201b1ba6a65c1f3d9988cc5"
  integrity sha512-xAg7SOnEhrm5zI3puOOKyy1OMcMlIJZYNJY7xLBwSze0UjhPLnWfj2GF2EpT0jmzaJKIWKHLsaSSajf35bcYnA==
  dependencies:
    xmlchars "^2.2.0"

smart-chunks@^0.1.12:
  version "0.1.12"
  resolved "https://registry.yarnpkg.com/smart-chunks/-/smart-chunks-0.1.12.tgz#ea3616b688ede52e4e29577a8b927b8f1d727f3f"
  integrity sha512-pAMey9ABKSBVCq26fQe10Zgv39/NRNyr4NiZO5itU0vejoFxOb++OeK+/k0sWuLa/SU4Eaorb5TVsT2oHvKFnA==

symbol-tree@^3.2.4:
  version "3.2.4"
  resolved "https://registry.yarnpkg.com/symbol-tree/-/symbol-tree-3.2.4.tgz#430637d248ba77e078883951fb9aa0eed7c63fa2"
  integrity sha512-9QNk5KwDF+Bvz+PyObkmSYjI5ksVUYtjW7AU22r2NKcfLJcXp96hkDWU3+XndOsUb+AQ9QhfzfCT2O+CNWT5Tw==

tiktoken@^1.0.15:
  version "1.0.15"
  resolved "https://registry.yarnpkg.com/tiktoken/-/tiktoken-1.0.15.tgz#a1e11681fa51b50c81bb7eaaee53b7a66e844a23"
  integrity sha512-sCsrq/vMWUSEW29CJLNmPvWxlVp7yh2tlkAjpJltIKqp5CKf98ZNpdeHRmAlPVFlGEbswDc6SmI8vz64W/qErw==

tough-cookie@^4.1.4:
  version "4.1.4"
  resolved "https://registry.yarnpkg.com/tough-cookie/-/tough-cookie-4.1.4.tgz#945f1461b45b5a8c76821c33ea49c3ac192c1b36"
  integrity sha512-Loo5UUvLD9ScZ6jh8beX1T6sO1w2/MpCRpEP7V280GKMVUQ0Jzar2U3UJPsrdbziLEMMhu3Ujnq//rhiFuIeag==
  dependencies:
    psl "^1.1.33"
    punycode "^2.1.1"
    universalify "^0.2.0"
    url-parse "^1.5.3"

tr46@^5.0.0:
  version "5.0.0"
  resolved "https://registry.yarnpkg.com/tr46/-/tr46-5.0.0.tgz#3b46d583613ec7283020d79019f1335723801cec"
  integrity sha512-tk2G5R2KRwBd+ZN0zaEXpmzdKyOYksXwywulIX95MBODjSzMIuQnQ3m8JxgbhnL1LeVo7lqQKsYa1O3Htl7K5g==
  dependencies:
    punycode "^2.3.1"

tr46@~0.0.3:
  version "0.0.3"
  resolved "https://registry.yarnpkg.com/tr46/-/tr46-0.0.3.tgz#8184fd347dac9cdc185992f3a6622e14b9d9ab6a"
  integrity sha512-N3WMsuqV66lT30CrXNbEjx4GEwlow3v6rr4mCcv6prnfwhS01rkgyFdjPNBYd9br7LpXV1+Emh01fHnq2Gdgrw==

turndown@^7.2.0:
  version "7.2.0"
  resolved "https://registry.yarnpkg.com/turndown/-/turndown-7.2.0.tgz#67d614fe8371fb511079a93345abfd156c0ffcf4"
  integrity sha512-eCZGBN4nNNqM9Owkv9HAtWRYfLA4h909E/WGAWWBpmB275ehNhZyk87/Tpvjbp0jjNl9XwCsbe6bm6CqFsgD+A==
  dependencies:
    "@mixmark-io/domino" "^2.2.0"

typescript@^5.5.2:
  version "5.5.2"
  resolved "https://registry.yarnpkg.com/typescript/-/typescript-5.5.2.tgz#c26f023cb0054e657ce04f72583ea2d85f8d0507"
  integrity sha512-NcRtPEOsPFFWjobJEtfihkLCZCXZt/os3zf8nTxjVH3RvTSxjrCamJpbExGvYOF+tFHc3pA65qpdwPbzjohhew==

undici-types@~5.26.4:
  version "5.26.5"
  resolved "https://registry.yarnpkg.com/undici-types/-/undici-types-5.26.5.tgz#bcd539893d00b56e964fd2657a4866b221a65617"
  integrity sha512-JlCMO+ehdEIKqlFxk6IfVoAUVmgz7cU7zD/h9XZ0qzeosSHmUJVOzSQvvYSYWXkFXC+IfLKSIffhv0sVZup6pA==

universalify@^0.2.0:
  version "0.2.0"
  resolved "https://registry.yarnpkg.com/universalify/-/universalify-0.2.0.tgz#6451760566fa857534745ab1dde952d1b1761be0"
  integrity sha512-CJ1QgKmNg3CwvAv/kOFmtnEN05f0D/cn9QntgNOQlQF9dgvVTHj3t+8JPdjqawCHk7V/KA+fbUqzZ9XWhcqPUg==

url-parse@^1.5.3:
  version "1.5.10"
  resolved "https://registry.yarnpkg.com/url-parse/-/url-parse-1.5.10.tgz#9d3c2f736c1d75dd3bd2be507dcc111f1e2ea9c1"
  integrity sha512-WypcfiRhfeUP9vvF0j6rw0J3hrWrw6iZv3+22h6iRMJ/8z1Tj6XfLP4DsUix5MhMPnXpiHDoKyoZ/bdCkwBCiQ==
  dependencies:
    querystringify "^2.1.1"
    requires-port "^1.0.0"

w3c-xmlserializer@^5.0.0:
  version "5.0.0"
  resolved "https://registry.yarnpkg.com/w3c-xmlserializer/-/w3c-xmlserializer-5.0.0.tgz#f925ba26855158594d907313cedd1476c5967f6c"
  integrity sha512-o8qghlI8NZHU1lLPrpi2+Uq7abh4GGPpYANlalzWxyWteJOCsr/P+oPBA49TOLu5FTZO4d3F9MnWJfiMo4BkmA==
  dependencies:
    xml-name-validator "^5.0.0"

web-streams-polyfill@4.0.0-beta.3:
  version "4.0.0-beta.3"
  resolved "https://registry.yarnpkg.com/web-streams-polyfill/-/web-streams-polyfill-4.0.0-beta.3.tgz#2898486b74f5156095e473efe989dcf185047a38"
  integrity sha512-QW95TCTaHmsYfHDybGMwO5IJIM93I/6vTRk+daHTWFPhwh+C8Cg7j7XyKrwrj8Ib6vYXe0ocYNrmzY4xAAN6ug==

web-streams-polyfill@^3.2.1:
  version "3.3.3"
  resolved "https://registry.yarnpkg.com/web-streams-polyfill/-/web-streams-polyfill-3.3.3.tgz#2073b91a2fdb1fbfbd401e7de0ac9f8214cecb4b"
  integrity sha512-d2JWLCivmZYTSIoge9MsgFCZrt571BikcWGYkjC1khllbTeDlGqZ2D8vD8E/lJa8WGWbb7Plm8/XJYV7IJHZZw==

webidl-conversions@^3.0.0:
  version "3.0.1"
  resolved "https://registry.yarnpkg.com/webidl-conversions/-/webidl-conversions-3.0.1.tgz#24534275e2a7bc6be7bc86611cc16ae0a5654871"
  integrity sha512-2JAn3z8AR6rjK8Sm8orRC0h/bcl/DqL7tRPdGZ4I1CjdF+EaMLmYxBHyXuKL849eucPFhvBoxMsflfOb8kxaeQ==

webidl-conversions@^7.0.0:
  version "7.0.0"
  resolved "https://registry.yarnpkg.com/webidl-conversions/-/webidl-conversions-7.0.0.tgz#256b4e1882be7debbf01d05f0aa2039778ea080a"
  integrity sha512-VwddBukDzu71offAQR975unBIGqfKZpM+8ZX6ySk8nYhVoo5CYaZyzt3YBvYtRtO+aoGlqxPg/B87NGVZ/fu6g==

whatwg-encoding@^3.1.1:
  version "3.1.1"
  resolved "https://registry.yarnpkg.com/whatwg-encoding/-/whatwg-encoding-3.1.1.tgz#d0f4ef769905d426e1688f3e34381a99b60b76e5"
  integrity sha512-6qN4hJdMwfYBtE3YBTTHhoeuUrDBPZmbQaxWAqSALV/MeEnR5z1xd8UKud2RAkFoPkmB+hli1TZSnyi84xz1vQ==
  dependencies:
    iconv-lite "0.6.3"

whatwg-mimetype@^4.0.0:
  version "4.0.0"
  resolved "https://registry.yarnpkg.com/whatwg-mimetype/-/whatwg-mimetype-4.0.0.tgz#bc1bf94a985dc50388d54a9258ac405c3ca2fc0a"
  integrity sha512-QaKxh0eNIi2mE9p2vEdzfagOKHCcj1pJ56EEHGQOVxp8r9/iszLUUV7v89x9O1p/T+NlTM5W7jW6+cz4Fq1YVg==

whatwg-url@^14.0.0:
  version "14.0.0"
  resolved "https://registry.yarnpkg.com/whatwg-url/-/whatwg-url-14.0.0.tgz#00baaa7fd198744910c4b1ef68378f2200e4ceb6"
  integrity sha512-1lfMEm2IEr7RIV+f4lUNPOqfFL+pO+Xw3fJSqmjX9AbXcXcYOkCe1P6+9VBZB6n94af16NfZf+sSk0JCBZC9aw==
  dependencies:
    tr46 "^5.0.0"
    webidl-conversions "^7.0.0"

whatwg-url@^5.0.0:
  version "5.0.0"
  resolved "https://registry.yarnpkg.com/whatwg-url/-/whatwg-url-5.0.0.tgz#966454e8765462e37644d3626f6742ce8b70965d"
  integrity sha512-saE57nupxk6v3HY35+jzBwYa0rKSy0XR8JSxZPwgLr7ys0IBzhGviA1/TUGJLmSVqs8pb9AnvICXEuOHLprYTw==
  dependencies:
    tr46 "~0.0.3"
    webidl-conversions "^3.0.0"

ws@^8.14.2, ws@^8.17.0:
  version "8.17.1"
  resolved "https://registry.yarnpkg.com/ws/-/ws-8.17.1.tgz#9293da530bb548febc95371d90f9c878727d919b"
  integrity sha512-6XQFvXTkbfUOZOKKILFG1PDK2NDQs4azKQl26T0YS5CxqWLgXajbPZ+h4gZekJyRqFU8pvnbAbbs/3TgRPy+GQ==

xml-name-validator@^5.0.0:
  version "5.0.0"
  resolved "https://registry.yarnpkg.com/xml-name-validator/-/xml-name-validator-5.0.0.tgz#82be9b957f7afdacf961e5980f1bf227c0bf7673"
  integrity sha512-EvGK8EJ3DhaHfbRlETOWAS5pO9MZITeauHKJyb8wyajUfQUenkIg2MvLDTZ4T/TgIcm3HU0TFBgWWboAZ30UHg==

xmlchars@^2.2.0:
  version "2.2.0"
  resolved "https://registry.yarnpkg.com/xmlchars/-/xmlchars-2.2.0.tgz#060fe1bcb7f9c76fe2a17db86a9bc3ab894210cb"
  integrity sha512-JZnDKK8B0RCDw84FNdDAIpZK+JuJw+s7Lz8nksI7SIuU3UXJJslUthsi+uWBUYOwPFwW7W7PRLRfUKpxjtjFCw==
